
Microsoft Visual Studio Solution File, Format Version 12.00
# Visual Studio Version 17
VisualStudioVersion = 17.11.35431.28
MinimumVisualStudioVersion = 10.0.40219.1
Project("{8BC9CEB8-8B4A-11D0-8D11-00A0C91BC942}") = "ManoRoboticaProyecto_V4", "ManoRoboticaProyecto_V4\ManoRoboticaProyecto_V4.vcxproj", "{D93A9E48-0F8E-4A96-A561-260F594B2B9D}"
EndProject
Global
	GlobalSection(SolutionConfigurationPlatforms) = preSolution
		Debug|x64 = Debug|x64
		Debug|x86 = Debug|x86
		Release|x64 = Release|x64
		Release|x86 = Release|x86
	EndGlobalSection
	GlobalSection(ProjectConfigurationPlatforms) = postSolution
		{D93A9E48-0F8E-4A96-A561-260F594B2B9D}.Debug|x64.ActiveCfg = Debug|x64
		{D93A9E48-0F8E-4A96-A561-260F594B2B9D}.Debug|x64.Build.0 = Debug|x64
		{D93A9E48-0F8E-4A96-A561-260F594B2B9D}.Debug|x86.ActiveCfg = Debug|Win32
		{D93A9E48-0F8E-4A96-A561-260F594B2B9D}.Debug|x86.Build.0 = Debug|Win32
		{D93A9E48-0F8E-4A96-A561-260F594B2B9D}.Release|x64.ActiveCfg = Release|x64
		{D93A9E48-0F8E-4A96-A561-260F594B2B9D}.Release|x64.Build.0 = Release|x64
		{D93A9E48-0F8E-4A96-A561-260F594B2B9D}.Release|x86.ActiveCfg = Release|Win32
		{D93A9E48-0F8E-4A96-A561-260F594B2B9D}.Release|x86.Build.0 = Release|Win32
	EndGlobalSection
	GlobalSection(SolutionProperties) = preSolution
		HideSolutionNode = FALSE
	EndGlobalSection
	GlobalSection(ExtensibilityGlobals) = postSolution
		SolutionGuid = {77E1C2A8-0BCC-496E-9A05-E511643C5855}
	EndGlobalSection
EndGlobal
